# Pursers Home runtime wheelhouse lock. Regenerate deliberately; do not hand-edit.
# schema: 2
# python: 3.12
# source-requirements-sha256: 3bfda2ff3f7087ad4dd6592e838604407061f5cf8bc559bc75b07cad39541e03

# platform: linux-x86_64
annotated-types==0.8.0 --hash=sha256:f072f4d804ea359e4eaf198b1af7a8b0943881a87f31bb764f8bf219bb9419e0
anyio==4.15.1 --hash=sha256:6152fdbbf9a77fdec97731721bebf7c4c44f7c29b424b0065826173efc7ed101
attrs==26.1.0 --hash=sha256:c647aa4a12dfbad9333ca4e71fe62ddc36f4e63b2d260a37a8b83d2f043ac309
cffi==2.1.1 --hash=sha256:c1453022f490d2459a11819d83ad1d586e9ff65a12ac3e705ffebd46d3685dcf
click==8.5.0 --hash=sha256:255bc9599cf7748b4b1a446ccc735421bd08a2ae529a8b88597d3de5664ee360
cryptography==50.0.2 --hash=sha256:630ebfea3bf689d075f82316324ff7433dc447fe6bc1bfc76524b74b4a9567d2
h11==0.16.0 --hash=sha256:63cf8bbe7522de3bf65932fda1d9c2772064ffb3dae62d55932da54b31cb6c86
httpcore2==2.13.1 --hash=sha256:e1e05d4f25f7d7d496bfb96748f6f4b67657b03da069b3a68c36069f3db73d0a
httpx2==2.13.1 --hash=sha256:6dff50fabc270ee5fd25d845d0b078ed20564579744d6d962850975996d2f9a4
idna==3.20 --hash=sha256:ab7ae7122974553370f0bdb919e1a960b2cd1bc1ef0276416d896db81c14582c
jsonschema==4.26.0 --hash=sha256:d489f15263b8d200f8387e64b4c3a75f06629559fb73deb8fdfb525f2dab50ce
jsonschema-specifications==2025.9.1 --hash=sha256:98802fee3a11ee76ecaca44429fda8a41bff98b00a0f2838151b113f210cc6fe
mcp==2.2.0 --hash=sha256:bde982589473a060ae145e3406e9a5333fe538c97229ba841f5a7f92be004f81
mcp-types==2.2.0 --hash=sha256:ea476b73ee86709ab5abc9452385ed36cc05907e582355622e294595c9a04f13
opentelemetry-api==1.45.0 --hash=sha256:80e068aba7cd56c8b58512d6a36f8d25cb1dfaa0c0a4cc1c938ccf9f362d9cb3
pycparser==3.0 --hash=sha256:b727414169a36b7d524c1c3e31839a521725078d7b2ff038656844266160a992
pydantic==2.13.5 --hash=sha256:346a034f080da3755d8e9cb5e00e8b07de1d39e4f6e2c87d8ab7cafa0b269a73
pydantic-core==2.46.5 --hash=sha256:0fc5be0abd4a407e200d844b404e33639a554e7bd0d448e7b9ae181be4789ac2
pyjwt==2.15.1 --hash=sha256:42d59d631f7768a1028a64c7ff581a9bf7519804daf91fc5b6c56e30eec5e193
python-multipart==0.0.32 --hash=sha256:ff6d3f776f16878c894e52e107296ffc890e913c611b1a4ec6c44e2821fe2e23
referencing==0.37.0 --hash=sha256:381329a9f99628c9069361716891d34ad94af76e461dcb0335825aecc7692231
rpds-py==2026.9.1 --hash=sha256:addeda51556dac7c1a2f14cda62db8b621cd12afba3091d03a96c72932387eab
sse-starlette==3.5.0 --hash=sha256:3e6e1070df3f0f5d9cea81496de92dbb72f6721871d99748ece67441dd8b7997
starlette==1.7.0 --hash=sha256:67f8e99895493dd2911a03f11314af6ceebeae4e704bb9f43dfc6a9db151c93e
truststore==0.10.4 --hash=sha256:adaeaecf1cbb5f4de3b1959b42d41f6fab57b2b1666adb59e89cb0b53361d981
typing-extensions==4.16.0 --hash=sha256:481caa481374e813c1b176ada14e97f1f67a4539ce9cfeb3f350d78d6370c2e8
typing-inspection==0.4.4 --hash=sha256:65b8397ba37ccbce054456aaccddfc91e6e3083c92824df348d96ca832f3f147
uvicorn==0.54.0 --hash=sha256:505bdb0f318731d45f1f712071fc781a8981f6847a31c902c9f5e652d4f67faf

# platform: macosx-11.0-arm64
annotated-types==0.8.0 --hash=sha256:f072f4d804ea359e4eaf198b1af7a8b0943881a87f31bb764f8bf219bb9419e0
anyio==4.15.1 --hash=sha256:6152fdbbf9a77fdec97731721bebf7c4c44f7c29b424b0065826173efc7ed101
attrs==26.1.0 --hash=sha256:c647aa4a12dfbad9333ca4e71fe62ddc36f4e63b2d260a37a8b83d2f043ac309
cffi==2.1.1 --hash=sha256:f81b3b8f3d4e343550fa4baa0e479bba9f2d29ce9c2e9b51d1ce1718d7442fcf
click==8.5.0 --hash=sha256:255bc9599cf7748b4b1a446ccc735421bd08a2ae529a8b88597d3de5664ee360
cryptography==50.0.2 --hash=sha256:fa8f5efb344d6908a1ce62f4a24e2e5780f825d6f53f5f50ec5ffacac72936cb
h11==0.16.0 --hash=sha256:63cf8bbe7522de3bf65932fda1d9c2772064ffb3dae62d55932da54b31cb6c86
httpcore2==2.13.1 --hash=sha256:e1e05d4f25f7d7d496bfb96748f6f4b67657b03da069b3a68c36069f3db73d0a
httpx2==2.13.1 --hash=sha256:6dff50fabc270ee5fd25d845d0b078ed20564579744d6d962850975996d2f9a4
idna==3.20 --hash=sha256:ab7ae7122974553370f0bdb919e1a960b2cd1bc1ef0276416d896db81c14582c
jsonschema==4.26.0 --hash=sha256:d489f15263b8d200f8387e64b4c3a75f06629559fb73deb8fdfb525f2dab50ce
jsonschema-specifications==2025.9.1 --hash=sha256:98802fee3a11ee76ecaca44429fda8a41bff98b00a0f2838151b113f210cc6fe
mcp==2.2.0 --hash=sha256:bde982589473a060ae145e3406e9a5333fe538c97229ba841f5a7f92be004f81
mcp-types==2.2.0 --hash=sha256:ea476b73ee86709ab5abc9452385ed36cc05907e582355622e294595c9a04f13
opentelemetry-api==1.45.0 --hash=sha256:80e068aba7cd56c8b58512d6a36f8d25cb1dfaa0c0a4cc1c938ccf9f362d9cb3
pycparser==3.0 --hash=sha256:b727414169a36b7d524c1c3e31839a521725078d7b2ff038656844266160a992
pydantic==2.13.5 --hash=sha256:346a034f080da3755d8e9cb5e00e8b07de1d39e4f6e2c87d8ab7cafa0b269a73
pydantic-core==2.46.5 --hash=sha256:a39ac25a9a2fa4072efdb429833c4a4c8009a51ff9eea3eeae131713cd27991e
pyjwt==2.15.1 --hash=sha256:42d59d631f7768a1028a64c7ff581a9bf7519804daf91fc5b6c56e30eec5e193
python-multipart==0.0.32 --hash=sha256:ff6d3f776f16878c894e52e107296ffc890e913c611b1a4ec6c44e2821fe2e23
referencing==0.37.0 --hash=sha256:381329a9f99628c9069361716891d34ad94af76e461dcb0335825aecc7692231
rpds-py==2026.9.1 --hash=sha256:e21c1429e205828ea886a2293a4a2c8e01f4c25d9893ca330e97a6cf73f52e7b
sse-starlette==3.5.0 --hash=sha256:3e6e1070df3f0f5d9cea81496de92dbb72f6721871d99748ece67441dd8b7997
starlette==1.7.0 --hash=sha256:67f8e99895493dd2911a03f11314af6ceebeae4e704bb9f43dfc6a9db151c93e
truststore==0.10.4 --hash=sha256:adaeaecf1cbb5f4de3b1959b42d41f6fab57b2b1666adb59e89cb0b53361d981
typing-extensions==4.16.0 --hash=sha256:481caa481374e813c1b176ada14e97f1f67a4539ce9cfeb3f350d78d6370c2e8
typing-inspection==0.4.4 --hash=sha256:65b8397ba37ccbce054456aaccddfc91e6e3083c92824df348d96ca832f3f147
uvicorn==0.54.0 --hash=sha256:505bdb0f318731d45f1f712071fc781a8981f6847a31c902c9f5e652d4f67faf
